// !$*UTF8*$!
{
	archiveVersion = 1;
	classes = {
	};
	objectVersion = 48;
	objects = {

/* Begin PBXBuildFile section */
		4BED032A205A26F70050BACF /* AppDelegate.swift in Sources */ = {isa = PBXBuildFile; fileRef = 4BED0329205A26F70050BACF /* AppDelegate.swift */; };
		4BED032C205A26F70050BACF /* ViewController.swift in Sources */ = {isa = PBXBuildFile; fileRef = 4BED032B205A26F70050BACF /* ViewController.swift */; };
		4BED032F205A26F70050BACF /* Main.storyboard in Resources */ = {isa = PBXBuildFile; fileRef = 4BED032D205A26F70050BACF /* Main.storyboard */; };
		4BED0331205A26F70050BACF /* Assets.xcassets in Resources */ = {isa = PBXBuildFile; fileRef = 4BED0330205A26F70050BACF /* Assets.xcassets */; };
		4BED0334205A26F70050BACF /* LaunchScreen.storyboard in Resources */ = {isa = PBXBuildFile; fileRef = 4BED0332205A26F70050BACF /* LaunchScreen.storyboard */; };
		4BED0341205A3EC60050BACF /* DebuggableContext.framework in Frameworks */ = {isa = PBXBuildFile; fileRef = 4BED0342205A3EC60050BACF /* DebuggableContext.framework */; };
/* End PBXBuildFile section */

/* Begin PBXFileReference section */
		4BED0326205A26F70050BACF /* DebuggableContextDemo.app */ = {isa = PBXFileReference; explicitFileType = wrapper.application; includeInIndex = 0; path = DebuggableContextDemo.app; sourceTree = BUILT_PRODUCTS_DIR; };
		4BED0329205A26F70050BACF /* AppDelegate.swift */ = {isa = PBXFileReference; lastKnownFileType = sourcecode.swift; path = AppDelegate.swift; sourceTree = "<group>"; };
		4BED032B205A26F70050BACF /* ViewController.swift */ = {isa = PBXFileReference; lastKnownFileType = sourcecode.swift; path = ViewController.swift; sourceTree = "<group>"; };
		4BED032E205A26F70050BACF /* Base */ = {isa = PBXFileReference; lastKnownFileType = file.storyboard; name = Base; path = Base.lproj/Main.storyboard; sourceTree = "<group>"; };
		4BED0330205A26F70050BACF /* Assets.xcassets */ = {isa = PBXFileReference; lastKnownFileType = folder.assetcatalog; path = Assets.xcassets; sourceTree = "<group>"; };
		4BED0333205A26F70050BACF /* Base */ = {isa = PBXFileReference; lastKnownFileType = file.storyboard; name = Base; path = Base.lproj/LaunchScreen.storyboard; sourceTree = "<group>"; };
		4BED0335205A26F70050BACF /* Info.plist */ = {isa = PBXFileReference; lastKnownFileType = text.plist.xml; path = Info.plist; sourceTree = "<group>"; };
		4BED0342205A3EC60050BACF /* DebuggableContext.framework */ = {isa = PBXFileReference; explicitFileType = wrapper.framework; path = DebuggableContext.framework; sourceTree = BUILT_PRODUCTS_DIR; };
/* End PBXFileReference section */

/* Begin PBXFrameworksBuildPhase section */
		4BED0323205A26F70050BACF /* Frameworks */ = {
			isa = PBXFrameworksBuildPhase;
			buildActionMask = 2147483647;
			files = (
				4BED0341205A3EC60050BACF /* DebuggableContext.framework in Frameworks */,
			);
			runOnlyForDeploymentPostprocessing = 0;
		};
/* End PBXFrameworksBuildPhase section */

/* Begin PBXGroup section */
		4BED031D205A26F70050BACF = {
			isa = PBXGroup;
			children = (
				4BED0328205A26F70050BACF /* DebuggableContextDemo */,
				4BED0327205A26F70050BACF /* Products */,
				4BED0340205A3EC60050BACF /* Frameworks */,
			);
			sourceTree = "<group>";
		};
		4BED0327205A26F70050BACF /* Products */ = {
			isa = PBXGroup;
			children = (
				4BED0326205A26F70050BACF /* DebuggableContextDemo.app */,
			);
			name = Products;
			sourceTree = "<group>";
		};
		4BED0328205A26F70050BACF /* DebuggableContextDemo */ = {
			isa = PBXGroup;
			children = (
				4BED0329205A26F70050BACF /* AppDelegate.swift */,
				4BED032B205A26F70050BACF /* ViewController.swift */,
				4BED032D205A26F70050BACF /* Main.storyboard */,
				4BED0330205A26F70050BACF /* Assets.xcassets */,
				4BED0332205A26F70050BACF /* LaunchScreen.storyboard */,
				4BED0335205A26F70050BACF /* Info.plist */,
			);
			path = DebuggableContextDemo;
			sourceTree = "<group>";
		};
		4BED0340205A3EC60050BACF /* Frameworks */ = {
			isa = PBXGroup;
			children = (
				4BED0342205A3EC60050BACF /* DebuggableContext.framework */,
			);
			name = Frameworks;
			sourceTree = "<group>";
		};
/* End PBXGroup section */

/* Begin PBXNativeTarget section */
		4BED0325205A26F70050BACF /* DebuggableContextDemo */ = {
			isa = PBXNativeTarget;
			buildConfigurationList = 4BED0338205A26F70050BACF /* Build configuration list for PBXNativeTarget "DebuggableContextDemo" */;
			buildPhases = (
				4BED0322205A26F70050BACF /* Sources */,
				4BED0323205A26F70050BACF /* Frameworks */,
				4BED0324205A26F70050BACF /* Resources */,
			);
			buildRules = (
			);
			dependencies = (
			);
			name = DebuggableContextDemo;
			productName = DebuggableContextDemo;
			productReference = 4BED0326205A26F70050BACF /* DebuggableContextDemo.app */;
			productType = "com.apple.product-type.application";
		};
/* End PBXNativeTarget section */

/* Begin PBXProject section */
		4BED031E205A26F70050BACF /* Project object */ = {
			isa = PBXProject;
			attributes = {
				LastSwiftUpdateCheck = 0920;
				LastUpgradeCheck = 0920;
				ORGANIZATIONNAME = "OneV's Den";
				TargetAttributes = {
					4BED0325205A26F70050BACF = {
						CreatedOnToolsVersion = 9.2;
						ProvisioningStyle = Automatic;
					};
				};
			};
			buildConfigurationList = 4BED0321205A26F70050BACF /* Build configuration list for PBXProject "DebuggableContextDemo" */;
			compatibilityVersion = "Xcode 8.0";
			developmentRegion = en;
			hasScannedForEncodings = 0;
			knownRegions = (
				en,
				Base,
			);
			mainGroup = 4BED031D205A26F70050BACF;
			productRefGroup = 4BED0327205A26F70050BACF /* Products */;
			projectDirPath = "";
			projectRoot = "";
			targets = (
				4BED0325205A26F70050BACF /* DebuggableContextDemo */,
			);
		};
/* End PBXProject section */

/* Begin PBXResourcesBuildPhase section */
		4BED0324205A26F70050BACF /* Resources */ = {
			isa = PBXResourcesBuildPhase;
			buildActionMask = 2147483647;
			files = (
				4BED0334205A26F70050BACF /* LaunchScreen.storyboard in Resources */,
				4BED0331205A26F70050BACF /* Assets.xcassets in Resources */,
				4BED032F205A26F70050BACF /* Main.storyboard in Resources */,
			);
			runOnlyForDeploymentPostprocessing = 0;
		};
/* End PBXResourcesBuildPhase section */

/* Begin PBXSourcesBuildPhase section */
		4BED0322205A26F70050BACF /* Sources */ = {
			isa = PBXSourcesBuildPhase;
			buildActionMask = 2147483647;
			files = (
				4BED032C205A26F70050BACF /* ViewController.swift in Sources */,
				4BED032A205A26F70050BACF /* AppDelegate.swift in Sources */,
			);
			runOnlyForDeploymentPostprocessing = 0;
		};
/* End PBXSourcesBuildPhase section */

/* Begin PBXVariantGroup section */
		4BED032D205A26F70050BACF /* Main.storyboard */ = {
			isa = PBXVariantGroup;
			children = (
				4BED032E205A26F70050BACF /* Base */,
			);
			name = Main.storyboard;
			sourceTree = "<group>";
		};
		4BED0332205A26F70050BACF /* LaunchScreen.storyboard */ = {
			isa = PBXVariantGroup;
			children = (
				4BED0333205A26F70050BACF /* Base */,
			);
			name = LaunchScreen.storyboard;
			sourceTree = "<group>";
		};
/* End PBXVariantGroup section */

/* Begin XCBuildConfiguration section */
		4BED0336205A26F70050BACF /* Debug */ = {
			isa = XCBuildConfiguration;
			buildSettings = {
				ALWAYS_SEARCH_USER_PATHS = NO;
				CLANG_ANALYZER_NONNULL = YES;
				CLANG_ANALYZER_NUMBER_OBJECT_CONVERSION = YES_AGGRESSIVE;
				CLANG_CXX_LANGUAGE_STANDARD = "gnu++14";
				CLANG_CXX_LIBRARY = "libc++";
				CLANG_ENABLE_MODULES = YES;
				CLANG_ENABLE_OBJC_ARC = YES;
				CLANG_WARN_BLOCK_CAPTURE_AUTORELEASING = YES;
				CLANG_WARN_BOOL_CONVERSION = YES;
				CLANG_WARN_COMMA = YES;
				CLANG_WARN_CONSTANT_CONVERSION = YES;
				CLANG_WARN_DIRECT_OBJC_ISA_USAGE = YES_ERROR;
				CLANG_WARN_DOCUMENTATION_COMMENTS = YES;
				CLANG_WARN_EMPTY_BODY = YES;
				CLANG_WARN_ENUM_CONVERSION = YES;
				CLANG_WARN_INFINITE_RECURSION = YES;
				CLANG_WARN_INT_CONVERSION = YES;
				CLANG_WARN_NON_LITERAL_NULL_CONVERSION = YES;
				CLANG_WARN_OBJC_LITERAL_CONVERSION = YES;
				CLANG_WARN_OBJC_ROOT_CLASS = YES_ERROR;
				CLANG_WARN_RANGE_LOOP_ANALYSIS = YES;
				CLANG_WARN_STRICT_PROTOTYPES = YES;
				CLANG_WARN_SUSPICIOUS_MOVE = YES;
				CLANG_WARN_UNGUARDED_AVAILABILITY = YES_AGGRESSIVE;
				CLANG_WARN_UNREACHABLE_CODE = YES;
				CLANG_WARN__DUPLICATE_METHOD_MATCH = YES;
				CODE_SIGN_IDENTITY = "iPhone Developer";
				COPY_PHASE_STRIP = NO;
				DEBUG_INFORMATION_FORMAT = dwarf;
				ENABLE_STRICT_OBJC_MSGSEND = YES;
				ENABLE_TESTABILITY = YES;
				GCC_C_LANGUAGE_STANDARD = gnu11;
				GCC_DYNAMIC_NO_PIC = NO;
				GCC_NO_COMMON_BLOCKS = YES;
				GCC_OPTIMIZATION_LEVEL = 0;
				GCC_PREPROCESSOR_DEFINITIONS = (
					"DEBUG=1",
					"$(inherited)",
				);
				GCC_WARN_64_TO_32_BIT_CONVERSION = YES;
				GCC_WARN_ABOUT_RETURN_TYPE = YES_ERROR;
				GCC_WARN_UNDECLARED_SELECTOR = YES;
				GCC_WARN_UNINITIALIZED_AUTOS = YES_AGGRESSIVE;
				GCC_WARN_UNUSED_FUNCTION = YES;
				GCC_WARN_UNUSED_VARIABLE = YES;
				IPHONEOS_DEPLOYMENT_TARGET = 11.2;
				MTL_ENABLE_DEBUG_INFO = YES;
				ONLY_ACTIVE_ARCH = YES;
				SDKROOT = iphoneos;
				SWIFT_ACTIVE_COMPILATION_CONDITIONS = DEBUG;
				SWIFT_OPTIMIZATION_LEVEL = "-Onone";
			};
			name = Debug;
		};
		4BED0337205A26F70050BACF /* Release */ = {
			isa = XCBuildConfiguration;
			buildSettings = {
				ALWAYS_SEARCH_USER_PATHS = NO;
				CLANG_ANALYZER_NONNULL = YES;
				CLANG_ANALYZER_NUMBER_OBJECT_CONVERSION = YES_AGGRESSIVE;
				CLANG_CXX_LANGUAGE_STANDARD = "gnu++14";
				CLANG_CXX_LIBRARY = "libc++";
				CLANG_ENABLE_MODULES = YES;
				CLANG_ENABLE_OBJC_ARC = YES;
				CLANG_WARN_BLOCK_CAPTURE_AUTORELEASING = YES;
				CLANG_WARN_BOOL_CONVERSION = YES;
				CLANG_WARN_COMMA = YES;
				CLANG_WARN_CONSTANT_CONVERSION = YES;
				CLANG_WARN_DIRECT_OBJC_ISA_USAGE = YES_ERROR;
				CLANG_WARN_DOCUMENTATION_COMMENTS = YES;
				CLANG_WARN_EMPTY_BODY = YES;
				CLANG_WARN_ENUM_CONVERSION = YES;
				CLANG_WARN_INFINITE_RECURSION = YES;
				CLANG_WARN_INT_CONVERSION = YES;
				CLANG_WARN_NON_LITERAL_NULL_CONVERSION = YES;
				CLANG_WARN_OBJC_LITERAL_CONVERSION = YES;
				CLANG_WARN_OBJC_ROOT_CLASS = YES_ERROR;
				CLANG_WARN_RANGE_LOOP_ANALYSIS = YES;
				CLANG_WARN_STRICT_PROTOTYPES = YES;
				CLANG_WARN_SUSPICIOUS_MOVE = YES;
				CLANG_WARN_UNGUARDED_AVAILABILITY = YES_AGGRESSIVE;
				CLANG_WARN_UNREACHABLE_CODE = YES;
				CLANG_WARN__DUPLICATE_METHOD_MATCH = YES;
				CODE_SIGN_IDENTITY = "iPhone Developer";
				COPY_PHASE_STRIP = NO;
				DEBUG_INFORMATION_FORMAT = "dwarf-with-dsym";
				ENABLE_NS_ASSERTIONS = NO;
				ENABLE_STRICT_OBJC_MSGSEND = YES;
				GCC_C_LANGUAGE_STANDARD = gnu11;
				GCC_NO_COMMON_BLOCKS = YES;
				GCC_WARN_64_TO_32_BIT_CONVERSION = YES;
				GCC_WARN_ABOUT_RETURN_TYPE = YES_ERROR;
				GCC_WARN_UNDECLARED_SELECTOR = YES;
				GCC_WARN_UNINITIALIZED_AUTOS = YES_AGGRESSIVE;
				GCC_WARN_UNUSED_FUNCTION = YES;
				GCC_WARN_UNUSED_VARIABLE = YES;
				IPHONEOS_DEPLOYMENT_TARGET = 11.2;
				MTL_ENABLE_DEBUG_INFO = NO;
				SDKROOT = iphoneos;
				SWIFT_OPTIMIZATION_LEVEL = "-Owholemodule";
				VALIDATE_PRODUCT = YES;
			};
			name = Release;
		};
		4BED0339205A26F70050BACF /* Debug */ = {
			isa = XCBuildConfiguration;
			buildSettings = {
				ASSETCATALOG_COMPILER_APPICON_NAME = AppIcon;
				CODE_SIGN_STYLE = Automatic;
				DEVELOPMENT_TEAM = T499X543T7;
				INFOPLIST_FILE = DebuggableContextDemo/Info.plist;
				LD_RUNPATH_SEARCH_PATHS = "$(inherited) @executable_path/Frameworks";
				PRODUCT_BUNDLE_IDENTIFIER = com.onevcat.DebuggableContextDemo;
				PRODUCT_NAME = "$(TARGET_NAME)";
				SWIFT_VERSION = 4.0;
				TARGETED_DEVICE_FAMILY = "1,2";
			};
			name = Debug;
		};
		4BED033A205A26F70050BACF /* Release */ = {
			isa = XCBuildConfiguration;
			buildSettings = {
				ASSETCATALOG_COMPILER_APPICON_NAME = AppIcon;
				CODE_SIGN_STYLE = Automatic;
				DEVELOPMENT_TEAM = T499X543T7;
				INFOPLIST_FILE = DebuggableContextDemo/Info.plist;
				LD_RUNPATH_SEARCH_PATHS = "$(inherited) @executable_path/Frameworks";
				PRODUCT_BUNDLE_IDENTIFIER = com.onevcat.DebuggableContextDemo;
				PRODUCT_NAME = "$(TARGET_NAME)";
				SWIFT_VERSION = 4.0;
				TARGETED_DEVICE_FAMILY = "1,2";
			};
			name = Release;
		};
/* End XCBuildConfiguration section */

/* Begin XCConfigurationList section */
		4BED0321205A26F70050BACF /* Build configuration list for PBXProject "DebuggableContextDemo" */ = {
			isa = XCConfigurationList;
			buildConfigurations = (
				4BED0336205A26F70050BACF /* Debug */,
				4BED0337205A26F70050BACF /* Release */,
			);
			defaultConfigurationIsVisible = 0;
			defaultConfigurationName = Release;
		};
		4BED0338205A26F70050BACF /* Build configuration list for PBXNativeTarget "DebuggableContextDemo" */ = {
			isa = XCConfigurationList;
			buildConfigurations = (
				4BED0339205A26F70050BACF /* Debug */,
				4BED033A205A26F70050BACF /* Release */,
			);
			defaultConfigurationIsVisible = 0;
			defaultConfigurationName = Release;
		};
/* End XCConfigurationList section */
	};
	rootObject = 4BED031E205A26F70050BACF /* Project object */;
}
